
Microsoft Visual Studio Solution File, Format Version 12.00
# Visual Studio 15
VisualStudioVersion = 15.0.28307.960
MinimumVisualStudioVersion = 10.0.40219.1
Project("{FAE04EC0-301F-11D3-BF4B-00C04F79EFBC}") = "DomainModel", "DomainModel\DomainModel.csproj", "{E696A57A-76C5-43A6-BA56-0BB8168AAF6E}"
EndProject
Project("{FAE04EC0-301F-11D3-BF4B-00C04F79EFBC}") = "Dal", "Dal\Dal.csproj", "{0848493B-CFD1-479D-BA3D-2214724CEAC0}"
EndProject
Project("{FAE04EC0-301F-11D3-BF4B-00C04F79EFBC}") = "ConsoleApp", "ConsoleApp\ConsoleApp.csproj", "{8E246A14-F894-48DA-A9E8-67534621CB69}"
EndProject
Global
	GlobalSection(SolutionConfigurationPlatforms) = preSolution
		Debug|Any CPU = Debug|Any CPU
		Release|Any CPU = Release|Any CPU
	EndGlobalSection
	GlobalSection(ProjectConfigurationPlatforms) = postSolution
		{E696A57A-76C5-43A6-BA56-0BB8168AAF6E}.Debug|Any CPU.ActiveCfg = Debug|Any CPU
		{E696A57A-76C5-43A6-BA56-0BB8168AAF6E}.Debug|Any CPU.Build.0 = Debug|Any CPU
		{E696A57A-76C5-43A6-BA56-0BB8168AAF6E}.Release|Any CPU.ActiveCfg = Release|Any CPU
		{E696A57A-76C5-43A6-BA56-0BB8168AAF6E}.Release|Any CPU.Build.0 = Release|Any CPU
		{0848493B-CFD1-479D-BA3D-2214724CEAC0}.Debug|Any CPU.ActiveCfg = Debug|Any CPU
		{0848493B-CFD1-479D-BA3D-2214724CEAC0}.Debug|Any CPU.Build.0 = Debug|Any CPU
		{0848493B-CFD1-479D-BA3D-2214724CEAC0}.Release|Any CPU.ActiveCfg = Release|Any CPU
		{0848493B-CFD1-479D-BA3D-2214724CEAC0}.Release|Any CPU.Build.0 = Release|Any CPU
		{8E246A14-F894-48DA-A9E8-67534621CB69}.Debug|Any CPU.ActiveCfg = Debug|Any CPU
		{8E246A14-F894-48DA-A9E8-67534621CB69}.Debug|Any CPU.Build.0 = Debug|Any CPU
		{8E246A14-F894-48DA-A9E8-67534621CB69}.Release|Any CPU.ActiveCfg = Release|Any CPU
		{8E246A14-F894-48DA-A9E8-67534621CB69}.Release|Any CPU.Build.0 = Release|Any CPU
	EndGlobalSection
	GlobalSection(SolutionProperties) = preSolution
		HideSolutionNode = FALSE
	EndGlobalSection
	GlobalSection(ExtensibilityGlobals) = postSolution
		SolutionGuid = {042D3AAA-DE71-4521-913C-328CF6E4A5E4}
	EndGlobalSection
EndGlobal
